
Microsoft Visual Studio Solution File, Format Version 12.00
# Visual Studio Version 17
VisualStudioVersion = 17.0.31903.59
MinimumVisualStudioVersion = 10.0.40219.1
Project("{9A19103F-16F7-4668-BE54-9A1E7A4F7556}") = "WigsByChikaambrose.Web", "WigsByChikaambrose.Web.csproj", "{0CEA109C-1592-4957-98E2-CF0E97F7D437}"
EndProject
Global
	GlobalSection(SolutionConfigurationPlatforms) = preSolution
		Debug|Any CPU = Debug|Any CPU
		Release|Any CPU = Release|Any CPU
	EndGlobalSection
	GlobalSection(ProjectConfigurationPlatforms) = postSolution
		{0CEA109C-1592-4957-98E2-CF0E97F7D437}.Debug|Any CPU.ActiveCfg = Debug|Any CPU
		{0CEA109C-1592-4957-98E2-CF0E97F7D437}.Debug|Any CPU.Build.0 = Debug|Any CPU
		{0CEA109C-1592-4957-98E2-CF0E97F7D437}.Release|Any CPU.ActiveCfg = Release|Any CPU
		{0CEA109C-1592-4957-98E2-CF0E97F7D437}.Release|Any CPU.Build.0 = Release|Any CPU
	EndGlobalSection
	GlobalSection(SolutionProperties) = preSolution
		HideSolutionNode = FALSE
	EndGlobalSection
	GlobalSection(ExtensibilityGlobals) = postSolution
		SolutionGuid = {20C61156-E38B-4F40-93BA-EACDCB8CEC21}
	EndGlobalSection
EndGlobal
